
Microsoft Visual Studio Solution File, Format Version 12.00
# Visual Studio 14
VisualStudioVersion = 14.0.23107.0
MinimumVisualStudioVersion = 10.0.40219.1
Project("{FAE04EC0-301F-11D3-BF4B-00C04F79EFBC}") = "CourseManager", "CourseManager\CourseManager.csproj", "{A6E90A22-5C7A-4E37-A515-78CD55EDC81C}"
EndProject
Global
	GlobalSection(SolutionConfigurationPlatforms) = preSolution
		Debug|Any CPU = Debug|Any CPU
		Release|Any CPU = Release|Any CPU
	EndGlobalSection
	GlobalSection(ProjectConfigurationPlatforms) = postSolution
		{A6E90A22-5C7A-4E37-A515-78CD55EDC81C}.Debug|Any CPU.ActiveCfg = Debug|Any CPU
		{A6E90A22-5C7A-4E37-A515-78CD55EDC81C}.Debug|Any CPU.Build.0 = Debug|Any CPU
		{A6E90A22-5C7A-4E37-A515-78CD55EDC81C}.Release|Any CPU.ActiveCfg = Release|Any CPU
		{A6E90A22-5C7A-4E37-A515-78CD55EDC81C}.Release|Any CPU.Build.0 = Release|Any CPU
	EndGlobalSection
	GlobalSection(SolutionProperties) = preSolution
		HideSolutionNode = FALSE
	EndGlobalSection
EndGlobal
