
Microsoft Visual Studio Solution File, Format Version 12.00
# Visual Studio 14
VisualStudioVersion = 14.0.23107.0
MinimumVisualStudioVersion = 10.0.40219.1
Project("{FAE04EC0-301F-11D3-BF4B-00C04F79EFBC}") = "GameClient", "GameClient\GameClient.csproj", "{18DDB246-10BF-4515-9079-908E2A1BF767}"
EndProject
Project("{2150E333-8FDC-42A3-9474-1A3956D46DE8}") = "Solution Items", "Solution Items", "{4F6C6558-12C5-4C36-8D71-DA8096A5D7C1}"
EndProject
Project("{FAE04EC0-301F-11D3-BF4B-00C04F79EFBC}") = "GameClientTests", "GameClientTests\GameClientTests.csproj", "{C889B490-C924-410D-B35F-EA0A3D88E8AE}"
EndProject
Global
	GlobalSection(SolutionConfigurationPlatforms) = preSolution
		Debug|Any CPU = Debug|Any CPU
		Release|Any CPU = Release|Any CPU
	EndGlobalSection
	GlobalSection(ProjectConfigurationPlatforms) = postSolution
		{18DDB246-10BF-4515-9079-908E2A1BF767}.Debug|Any CPU.ActiveCfg = Debug|Any CPU
		{18DDB246-10BF-4515-9079-908E2A1BF767}.Debug|Any CPU.Build.0 = Debug|Any CPU
		{18DDB246-10BF-4515-9079-908E2A1BF767}.Release|Any CPU.ActiveCfg = Release|Any CPU
		{18DDB246-10BF-4515-9079-908E2A1BF767}.Release|Any CPU.Build.0 = Release|Any CPU
		{C889B490-C924-410D-B35F-EA0A3D88E8AE}.Debug|Any CPU.ActiveCfg = Debug|Any CPU
		{C889B490-C924-410D-B35F-EA0A3D88E8AE}.Debug|Any CPU.Build.0 = Debug|Any CPU
		{C889B490-C924-410D-B35F-EA0A3D88E8AE}.Release|Any CPU.ActiveCfg = Release|Any CPU
		{C889B490-C924-410D-B35F-EA0A3D88E8AE}.Release|Any CPU.Build.0 = Release|Any CPU
	EndGlobalSection
	GlobalSection(SolutionProperties) = preSolution
		HideSolutionNode = FALSE
	EndGlobalSection
EndGlobal
